# THIS IS AN AUTOGENERATED FILE. DO NOT EDIT THIS FILE DIRECTLY.
# yarn lockfile v1


chrome-types@^0.1.261:
  version "0.1.261"
  resolved "https://registry.yarnpkg.com/chrome-types/-/chrome-types-0.1.261.tgz#b03ed7884439586926b464e5f116abd0e6fbd7d3"
  integrity sha512-gnB2R0ha3VdVl4BOfGbgsosuJq95cvgv0Q6SfK9FfXEXsqmuaUtP8KU6Xd/F4l+SmAhKkhMm8J2Y4dGS8xolBw==
